
Microsoft Visual Studio Solution File, Format Version 12.00
# Visual Studio 14
VisualStudioVersion = 14.0.22823.1
MinimumVisualStudioVersion = 10.0.40219.1
Project("{FAE04EC0-301F-11D3-BF4B-00C04F79EFBC}") = "ControllerRT", "ControllerRT\ControllerRT.csproj", "{7A148182-6BF9-4F7D-B7AA-B1B1654A034B}"
EndProject
Project("{FAE04EC0-301F-11D3-BF4B-00C04F79EFBC}") = "ControllerRT.Autofac", "ControllerRT.Autofac\ControllerRT.Autofac.csproj", "{6012B629-6DC6-4058-9D09-2C345A37DD00}"
EndProject
Project("{FAE04EC0-301F-11D3-BF4B-00C04F79EFBC}") = "ControllerRT.Unity", "ControllerRT.Unity\ControllerRT.Unity.csproj", "{55754FDF-40AB-46B9-BD2F-D8BEE2C3A16F}"
EndProject
Project("{FAE04EC0-301F-11D3-BF4B-00C04F79EFBC}") = "ControllerUniversal", "ControllerUniversal\ControllerUniversal.csproj", "{1C351C19-C860-4F58-A846-1808F4C01BCD}"
EndProject
Project("{FAE04EC0-301F-11D3-BF4B-00C04F79EFBC}") = "ControllerUniversal.Autofac", "ControllerUniversal.Autofac\ControllerUniversal.Autofac.csproj", "{F52AB06F-EB38-46B7-8A92-0D777467C0A4}"
EndProject
Project("{FAE04EC0-301F-11D3-BF4B-00C04F79EFBC}") = "ControllerPortable", "ControllerPortable\ControllerPortable.csproj", "{B7DDF7B7-95E3-4DC8-BE17-17F2B19C5EA2}"
EndProject
Project("{FAE04EC0-301F-11D3-BF4B-00C04F79EFBC}") = "ControllerPortable.Autofac", "ControllerPortable.Autofac\ControllerPortable.Autofac.csproj", "{95354BD1-E707-4F71-B2B1-7368C8E615EB}"
EndProject
Global
	GlobalSection(SolutionConfigurationPlatforms) = preSolution
		Debug|Any CPU = Debug|Any CPU
		Debug|ARM = Debug|ARM
		Debug|x64 = Debug|x64
		Debug|x86 = Debug|x86
		Release|Any CPU = Release|Any CPU
		Release|ARM = Release|ARM
		Release|x64 = Release|x64
		Release|x86 = Release|x86
	EndGlobalSection
	GlobalSection(ProjectConfigurationPlatforms) = postSolution
		{7A148182-6BF9-4F7D-B7AA-B1B1654A034B}.Debug|Any CPU.ActiveCfg = Debug|Any CPU
		{7A148182-6BF9-4F7D-B7AA-B1B1654A034B}.Debug|Any CPU.Build.0 = Debug|Any CPU
		{7A148182-6BF9-4F7D-B7AA-B1B1654A034B}.Debug|ARM.ActiveCfg = Debug|ARM
		{7A148182-6BF9-4F7D-B7AA-B1B1654A034B}.Debug|ARM.Build.0 = Debug|ARM
		{7A148182-6BF9-4F7D-B7AA-B1B1654A034B}.Debug|x64.ActiveCfg = Debug|x64
		{7A148182-6BF9-4F7D-B7AA-B1B1654A034B}.Debug|x64.Build.0 = Debug|x64
		{7A148182-6BF9-4F7D-B7AA-B1B1654A034B}.Debug|x86.ActiveCfg = Debug|x86
		{7A148182-6BF9-4F7D-B7AA-B1B1654A034B}.Debug|x86.Build.0 = Debug|x86
		{7A148182-6BF9-4F7D-B7AA-B1B1654A034B}.Release|Any CPU.ActiveCfg = Release|Any CPU
		{7A148182-6BF9-4F7D-B7AA-B1B1654A034B}.Release|Any CPU.Build.0 = Release|Any CPU
		{7A148182-6BF9-4F7D-B7AA-B1B1654A034B}.Release|ARM.ActiveCfg = Release|ARM
		{7A148182-6BF9-4F7D-B7AA-B1B1654A034B}.Release|ARM.Build.0 = Release|ARM
		{7A148182-6BF9-4F7D-B7AA-B1B1654A034B}.Release|x64.ActiveCfg = Release|x64
		{7A148182-6BF9-4F7D-B7AA-B1B1654A034B}.Release|x64.Build.0 = Release|x64
		{7A148182-6BF9-4F7D-B7AA-B1B1654A034B}.Release|x86.ActiveCfg = Release|x86
		{7A148182-6BF9-4F7D-B7AA-B1B1654A034B}.Release|x86.Build.0 = Release|x86
		{6012B629-6DC6-4058-9D09-2C345A37DD00}.Debug|Any CPU.ActiveCfg = Debug|Any CPU
		{6012B629-6DC6-4058-9D09-2C345A37DD00}.Debug|Any CPU.Build.0 = Debug|Any CPU
		{6012B629-6DC6-4058-9D09-2C345A37DD00}.Debug|ARM.ActiveCfg = Debug|ARM
		{6012B629-6DC6-4058-9D09-2C345A37DD00}.Debug|ARM.Build.0 = Debug|ARM
		{6012B629-6DC6-4058-9D09-2C345A37DD00}.Debug|x64.ActiveCfg = Debug|x64
		{6012B629-6DC6-4058-9D09-2C345A37DD00}.Debug|x64.Build.0 = Debug|x64
		{6012B629-6DC6-4058-9D09-2C345A37DD00}.Debug|x86.ActiveCfg = Debug|x86
		{6012B629-6DC6-4058-9D09-2C345A37DD00}.Debug|x86.Build.0 = Debug|x86
		{6012B629-6DC6-4058-9D09-2C345A37DD00}.Release|Any CPU.ActiveCfg = Release|Any CPU
		{6012B629-6DC6-4058-9D09-2C345A37DD00}.Release|Any CPU.Build.0 = Release|Any CPU
		{6012B629-6DC6-4058-9D09-2C345A37DD00}.Release|ARM.ActiveCfg = Release|ARM
		{6012B629-6DC6-4058-9D09-2C345A37DD00}.Release|ARM.Build.0 = Release|ARM
		{6012B629-6DC6-4058-9D09-2C345A37DD00}.Release|x64.ActiveCfg = Release|x64
		{6012B629-6DC6-4058-9D09-2C345A37DD00}.Release|x64.Build.0 = Release|x64
		{6012B629-6DC6-4058-9D09-2C345A37DD00}.Release|x86.ActiveCfg = Release|x86
		{6012B629-6DC6-4058-9D09-2C345A37DD00}.Release|x86.Build.0 = Release|x86
		{55754FDF-40AB-46B9-BD2F-D8BEE2C3A16F}.Debug|Any CPU.ActiveCfg = Debug|Any CPU
		{55754FDF-40AB-46B9-BD2F-D8BEE2C3A16F}.Debug|Any CPU.Build.0 = Debug|Any CPU
		{55754FDF-40AB-46B9-BD2F-D8BEE2C3A16F}.Debug|ARM.ActiveCfg = Debug|ARM
		{55754FDF-40AB-46B9-BD2F-D8BEE2C3A16F}.Debug|ARM.Build.0 = Debug|ARM
		{55754FDF-40AB-46B9-BD2F-D8BEE2C3A16F}.Debug|x64.ActiveCfg = Debug|x64
		{55754FDF-40AB-46B9-BD2F-D8BEE2C3A16F}.Debug|x64.Build.0 = Debug|x64
		{55754FDF-40AB-46B9-BD2F-D8BEE2C3A16F}.Debug|x86.ActiveCfg = Debug|x86
		{55754FDF-40AB-46B9-BD2F-D8BEE2C3A16F}.Debug|x86.Build.0 = Debug|x86
		{55754FDF-40AB-46B9-BD2F-D8BEE2C3A16F}.Release|Any CPU.ActiveCfg = Release|Any CPU
		{55754FDF-40AB-46B9-BD2F-D8BEE2C3A16F}.Release|Any CPU.Build.0 = Release|Any CPU
		{55754FDF-40AB-46B9-BD2F-D8BEE2C3A16F}.Release|ARM.ActiveCfg = Release|ARM
		{55754FDF-40AB-46B9-BD2F-D8BEE2C3A16F}.Release|ARM.Build.0 = Release|ARM
		{55754FDF-40AB-46B9-BD2F-D8BEE2C3A16F}.Release|x64.ActiveCfg = Release|x64
		{55754FDF-40AB-46B9-BD2F-D8BEE2C3A16F}.Release|x64.Build.0 = Release|x64
		{55754FDF-40AB-46B9-BD2F-D8BEE2C3A16F}.Release|x86.ActiveCfg = Release|x86
		{55754FDF-40AB-46B9-BD2F-D8BEE2C3A16F}.Release|x86.Build.0 = Release|x86
		{1C351C19-C860-4F58-A846-1808F4C01BCD}.Debug|Any CPU.ActiveCfg = Debug|Any CPU
		{1C351C19-C860-4F58-A846-1808F4C01BCD}.Debug|Any CPU.Build.0 = Debug|Any CPU
		{1C351C19-C860-4F58-A846-1808F4C01BCD}.Debug|ARM.ActiveCfg = Debug|ARM
		{1C351C19-C860-4F58-A846-1808F4C01BCD}.Debug|ARM.Build.0 = Debug|ARM
		{1C351C19-C860-4F58-A846-1808F4C01BCD}.Debug|x64.ActiveCfg = Debug|x64
		{1C351C19-C860-4F58-A846-1808F4C01BCD}.Debug|x64.Build.0 = Debug|x64
		{1C351C19-C860-4F58-A846-1808F4C01BCD}.Debug|x86.ActiveCfg = Debug|x86
		{1C351C19-C860-4F58-A846-1808F4C01BCD}.Debug|x86.Build.0 = Debug|x86
		{1C351C19-C860-4F58-A846-1808F4C01BCD}.Release|Any CPU.ActiveCfg = Release|Any CPU
		{1C351C19-C860-4F58-A846-1808F4C01BCD}.Release|Any CPU.Build.0 = Release|Any CPU
		{1C351C19-C860-4F58-A846-1808F4C01BCD}.Release|ARM.ActiveCfg = Release|ARM
		{1C351C19-C860-4F58-A846-1808F4C01BCD}.Release|ARM.Build.0 = Release|ARM
		{1C351C19-C860-4F58-A846-1808F4C01BCD}.Release|x64.ActiveCfg = Release|x64
		{1C351C19-C860-4F58-A846-1808F4C01BCD}.Release|x64.Build.0 = Release|x64
		{1C351C19-C860-4F58-A846-1808F4C01BCD}.Release|x86.ActiveCfg = Release|x86
		{1C351C19-C860-4F58-A846-1808F4C01BCD}.Release|x86.Build.0 = Release|x86
		{F52AB06F-EB38-46B7-8A92-0D777467C0A4}.Debug|Any CPU.ActiveCfg = Debug|Any CPU
		{F52AB06F-EB38-46B7-8A92-0D777467C0A4}.Debug|Any CPU.Build.0 = Debug|Any CPU
		{F52AB06F-EB38-46B7-8A92-0D777467C0A4}.Debug|ARM.ActiveCfg = Debug|ARM
		{F52AB06F-EB38-46B7-8A92-0D777467C0A4}.Debug|ARM.Build.0 = Debug|ARM
		{F52AB06F-EB38-46B7-8A92-0D777467C0A4}.Debug|x64.ActiveCfg = Debug|x64
		{F52AB06F-EB38-46B7-8A92-0D777467C0A4}.Debug|x64.Build.0 = Debug|x64
		{F52AB06F-EB38-46B7-8A92-0D777467C0A4}.Debug|x86.ActiveCfg = Debug|x86
		{F52AB06F-EB38-46B7-8A92-0D777467C0A4}.Debug|x86.Build.0 = Debug|x86
		{F52AB06F-EB38-46B7-8A92-0D777467C0A4}.Release|Any CPU.ActiveCfg = Release|Any CPU
		{F52AB06F-EB38-46B7-8A92-0D777467C0A4}.Release|Any CPU.Build.0 = Release|Any CPU
		{F52AB06F-EB38-46B7-8A92-0D777467C0A4}.Release|ARM.ActiveCfg = Release|ARM
		{F52AB06F-EB38-46B7-8A92-0D777467C0A4}.Release|ARM.Build.0 = Release|ARM
		{F52AB06F-EB38-46B7-8A92-0D777467C0A4}.Release|x64.ActiveCfg = Release|x64
		{F52AB06F-EB38-46B7-8A92-0D777467C0A4}.Release|x64.Build.0 = Release|x64
		{F52AB06F-EB38-46B7-8A92-0D777467C0A4}.Release|x86.ActiveCfg = Release|x86
		{F52AB06F-EB38-46B7-8A92-0D777467C0A4}.Release|x86.Build.0 = Release|x86
		{B7DDF7B7-95E3-4DC8-BE17-17F2B19C5EA2}.Debug|Any CPU.ActiveCfg = Debug|Any CPU
		{B7DDF7B7-95E3-4DC8-BE17-17F2B19C5EA2}.Debug|Any CPU.Build.0 = Debug|Any CPU
		{B7DDF7B7-95E3-4DC8-BE17-17F2B19C5EA2}.Debug|ARM.ActiveCfg = Debug|Any CPU
		{B7DDF7B7-95E3-4DC8-BE17-17F2B19C5EA2}.Debug|ARM.Build.0 = Debug|Any CPU
		{B7DDF7B7-95E3-4DC8-BE17-17F2B19C5EA2}.Debug|x64.ActiveCfg = Debug|Any CPU
		{B7DDF7B7-95E3-4DC8-BE17-17F2B19C5EA2}.Debug|x64.Build.0 = Debug|Any CPU
		{B7DDF7B7-95E3-4DC8-BE17-17F2B19C5EA2}.Debug|x86.ActiveCfg = Debug|Any CPU
		{B7DDF7B7-95E3-4DC8-BE17-17F2B19C5EA2}.Debug|x86.Build.0 = Debug|Any CPU
		{B7DDF7B7-95E3-4DC8-BE17-17F2B19C5EA2}.Release|Any CPU.ActiveCfg = Release|Any CPU
		{B7DDF7B7-95E3-4DC8-BE17-17F2B19C5EA2}.Release|Any CPU.Build.0 = Release|Any CPU
		{B7DDF7B7-95E3-4DC8-BE17-17F2B19C5EA2}.Release|ARM.ActiveCfg = Release|Any CPU
		{B7DDF7B7-95E3-4DC8-BE17-17F2B19C5EA2}.Release|ARM.Build.0 = Release|Any CPU
		{B7DDF7B7-95E3-4DC8-BE17-17F2B19C5EA2}.Release|x64.ActiveCfg = Release|Any CPU
		{B7DDF7B7-95E3-4DC8-BE17-17F2B19C5EA2}.Release|x64.Build.0 = Release|Any CPU
		{B7DDF7B7-95E3-4DC8-BE17-17F2B19C5EA2}.Release|x86.ActiveCfg = Release|Any CPU
		{B7DDF7B7-95E3-4DC8-BE17-17F2B19C5EA2}.Release|x86.Build.0 = Release|Any CPU
		{95354BD1-E707-4F71-B2B1-7368C8E615EB}.Debug|Any CPU.ActiveCfg = Debug|Any CPU
		{95354BD1-E707-4F71-B2B1-7368C8E615EB}.Debug|Any CPU.Build.0 = Debug|Any CPU
		{95354BD1-E707-4F71-B2B1-7368C8E615EB}.Debug|ARM.ActiveCfg = Debug|Any CPU
		{95354BD1-E707-4F71-B2B1-7368C8E615EB}.Debug|ARM.Build.0 = Debug|Any CPU
		{95354BD1-E707-4F71-B2B1-7368C8E615EB}.Debug|x64.ActiveCfg = Debug|Any CPU
		{95354BD1-E707-4F71-B2B1-7368C8E615EB}.Debug|x64.Build.0 = Debug|Any CPU
		{95354BD1-E707-4F71-B2B1-7368C8E615EB}.Debug|x86.ActiveCfg = Debug|Any CPU
		{95354BD1-E707-4F71-B2B1-7368C8E615EB}.Debug|x86.Build.0 = Debug|Any CPU
		{95354BD1-E707-4F71-B2B1-7368C8E615EB}.Release|Any CPU.ActiveCfg = Release|Any CPU
		{95354BD1-E707-4F71-B2B1-7368C8E615EB}.Release|Any CPU.Build.0 = Release|Any CPU
		{95354BD1-E707-4F71-B2B1-7368C8E615EB}.Release|ARM.ActiveCfg = Release|Any CPU
		{95354BD1-E707-4F71-B2B1-7368C8E615EB}.Release|ARM.Build.0 = Release|Any CPU
		{95354BD1-E707-4F71-B2B1-7368C8E615EB}.Release|x64.ActiveCfg = Release|Any CPU
		{95354BD1-E707-4F71-B2B1-7368C8E615EB}.Release|x64.Build.0 = Release|Any CPU
		{95354BD1-E707-4F71-B2B1-7368C8E615EB}.Release|x86.ActiveCfg = Release|Any CPU
		{95354BD1-E707-4F71-B2B1-7368C8E615EB}.Release|x86.Build.0 = Release|Any CPU
	EndGlobalSection
	GlobalSection(SolutionProperties) = preSolution
		HideSolutionNode = FALSE
	EndGlobalSection
EndGlobal
